lockfileVersion: '6.0'

settings:
  autoInstallPeers: true
  excludeLinksFromLockfile: false

devDependencies:
  '@types/vscode':
    specifier: ^1.84.2
    version: 1.84.2
  prettier:
    specifier: ^3.1.0
    version: 3.1.0

packages:

  /@types/vscode@1.84.2:
    resolution: {integrity: sha512-LCe1FvCDMJKkPdLVGYhP0HRJ1PDop2gRVm/zFHiOKwYLBRS7vEV3uOOUId4HMV+L1IxqyS+IZXMmlSMRbZGIAw==}
    dev: true

  /prettier@3.1.0:
    resolution: {integrity: sha512-TQLvXjq5IAibjh8EpBIkNKxO749UEWABoiIZehEPiY4GNpVdhaFKqSTu+QrlU6D2dPAfubRmtJTi4K4YkQ5eXw==}
    engines: {node: '>=14'}
    hasBin: true
    dev: true
